
Microsoft Visual Studio Solution File, Format Version 12.00
# Visual Studio Version 16
VisualStudioVersion = 16.0.33529.622
MinimumVisualStudioVersion = 10.0.40219.1
Project("{FAE04EC0-301F-11D3-BF4B-00C04F79EFBC}") = "Lab2Asi_DS23003", "Lab2Asi_DS23003.csproj", "{440B6AAD-FB1D-4FD2-847B-3F414FFAC844}"
EndProject
Global
	GlobalSection(SolutionConfigurationPlatforms) = preSolution
		Debug|Any CPU = Debug|Any CPU
		Release|Any CPU = Release|Any CPU
	EndGlobalSection
	GlobalSection(ProjectConfigurationPlatforms) = postSolution
		{440B6AAD-FB1D-4FD2-847B-3F414FFAC844}.Debug|Any CPU.ActiveCfg = Debug|Any CPU
		{440B6AAD-FB1D-4FD2-847B-3F414FFAC844}.Debug|Any CPU.Build.0 = Debug|Any CPU
		{440B6AAD-FB1D-4FD2-847B-3F414FFAC844}.Release|Any CPU.ActiveCfg = Release|Any CPU
		{440B6AAD-FB1D-4FD2-847B-3F414FFAC844}.Release|Any CPU.Build.0 = Release|Any CPU
	EndGlobalSection
	GlobalSection(SolutionProperties) = preSolution
		HideSolutionNode = FALSE
	EndGlobalSection
	GlobalSection(ExtensibilityGlobals) = postSolution
		SolutionGuid = {85B4A0B4-9AFC-4429-9DDA-9FB04BA41939}
	EndGlobalSection
EndGlobal
